
Microsoft Visual Studio Solution File, Format Version 12.00
# Visual Studio Version 16
VisualStudioVersion = 16.0.31515.178
MinimumVisualStudioVersion = 10.0.40219.1
Project("{FAE04EC0-301F-11D3-BF4B-00C04F79EFBC}") = "APIBancoBufunfa", "APIBancoBufunfa\APIBancoBufunfa.csproj", "{5BC41D73-5E56-42B1-8716-D4FC3DBDF5C7}"
EndProject
Global
	GlobalSection(SolutionConfigurationPlatforms) = preSolution
		Debug|Any CPU = Debug|Any CPU
		Release|Any CPU = Release|Any CPU
	EndGlobalSection
	GlobalSection(ProjectConfigurationPlatforms) = postSolution
		{5BC41D73-5E56-42B1-8716-D4FC3DBDF5C7}.Debug|Any CPU.ActiveCfg = Debug|Any CPU
		{5BC41D73-5E56-42B1-8716-D4FC3DBDF5C7}.Debug|Any CPU.Build.0 = Debug|Any CPU
		{5BC41D73-5E56-42B1-8716-D4FC3DBDF5C7}.Release|Any CPU.ActiveCfg = Release|Any CPU
		{5BC41D73-5E56-42B1-8716-D4FC3DBDF5C7}.Release|Any CPU.Build.0 = Release|Any CPU
	EndGlobalSection
	GlobalSection(SolutionProperties) = preSolution
		HideSolutionNode = FALSE
	EndGlobalSection
	GlobalSection(ExtensibilityGlobals) = postSolution
		SolutionGuid = {57410E76-60FD-4F9B-88E4-ACC95A6D603D}
	EndGlobalSection
EndGlobal
